
Microsoft Visual Studio Solution File, Format Version 12.00
# Visual Studio Version 17
VisualStudioVersion = 17.0.31903.59
MinimumVisualStudioVersion = 10.0.40219.1
Project("{FAE04EC0-301F-11D3-BF4B-00C04F79EFBC}") = "ConsoleApp", "ConsoleApp\ConsoleApp.csproj", "{05502D69-7CA4-48BA-B577-E58853D64740}"
EndProject
Project("{FAE04EC0-301F-11D3-BF4B-00C04F79EFBC}") = "YoloPackage", "YoloPackage\YoloPackage.csproj", "{18B7F0EC-C8E8-4200-965F-B3A4A53B5FC7}"
EndProject
Global
	GlobalSection(SolutionConfigurationPlatforms) = preSolution
		Debug|Any CPU = Debug|Any CPU
		Release|Any CPU = Release|Any CPU
	EndGlobalSection
	GlobalSection(SolutionProperties) = preSolution
		HideSolutionNode = FALSE
	EndGlobalSection
	GlobalSection(ProjectConfigurationPlatforms) = postSolution
		{05502D69-7CA4-48BA-B577-E58853D64740}.Debug|Any CPU.ActiveCfg = Debug|Any CPU
		{05502D69-7CA4-48BA-B577-E58853D64740}.Debug|Any CPU.Build.0 = Debug|Any CPU
		{05502D69-7CA4-48BA-B577-E58853D64740}.Release|Any CPU.ActiveCfg = Release|Any CPU
		{05502D69-7CA4-48BA-B577-E58853D64740}.Release|Any CPU.Build.0 = Release|Any CPU
		{18B7F0EC-C8E8-4200-965F-B3A4A53B5FC7}.Debug|Any CPU.ActiveCfg = Debug|Any CPU
		{18B7F0EC-C8E8-4200-965F-B3A4A53B5FC7}.Debug|Any CPU.Build.0 = Debug|Any CPU
		{18B7F0EC-C8E8-4200-965F-B3A4A53B5FC7}.Release|Any CPU.ActiveCfg = Release|Any CPU
		{18B7F0EC-C8E8-4200-965F-B3A4A53B5FC7}.Release|Any CPU.Build.0 = Release|Any CPU
	EndGlobalSection
EndGlobal
